<?xml version="1.0" encoding="utf-8"?>
<Project ToolsVersion="4.0" xmlns="http://schemas.microsoft.com/developer/msbuild/2003">
  <ItemGroup>
    <ClCompile Include="DogEnginePlayground\Components\Animator2D.cpp" />
    <ClCompile Include="DogEngine\Math\Converter.cpp" />
    <ClCompile Include="DogEnginePlayground\GameObjects\Skeleton.cpp" />
    <ClCompile Include="DogEngine\Math\Vec2.cpp" />
    <ClCompile Include="DogEngine\Physics\Collider.cpp" />
    <ClCompile Include="DogEngine\DogEngine.cpp" />
    <ClCompile Include="DogEnginePlayground\GameObjects\GameObject.cpp" />
    <ClCompile Include="DogEngine\Main.cpp" />
    <ClCompile Include="DogEnginePlayground\GameObjects\Map\Map.cpp" />
    <ClCompile Include="DogEnginePlayground\GameObjects\Rogue.cpp" />
    <ClCompile Include="DogEngine\EventSystem\Event.cpp" />
    <ClCompile Include="DogEngine\SceneManager\SceneManager.cpp" />
    <ClCompile Include="DogEnginePlayground\Scenes\SDLGameScenes\Scene0.cpp" />
    <ClCompile Include="DogEngine\TextureManager\TextureManager.cpp" />
    <ClCompile Include="DogEnginePlayground\GameObjects\Map\TileSet\Tiles.cpp" />
    <ClCompile Include="DogEngine\Timer\Timer.cpp" />
    <ClCompile Include="DogEngine\Window\Window.cpp" />
    <ClCompile Include="DogEngine\Window\GUI.cpp" />
    <ClCompile Include="DogEngine\Window\DearGUI\imgui.cpp" />
    <ClCompile Include="DogEngine\Window\DearGUI\imgui_demo.cpp" />
    <ClCompile Include="DogEngine\Window\DearGUI\imgui_draw.cpp" />
    <ClCompile Include="DogEngine\Window\DearGUI\imgui_sdl.cpp" />
    <ClCompile Include="DogEngine\Window\DearGUI\imgui_widgets.cpp" />
    <ClCompile Include="DesignPattern\Observer.cpp" />
    <ClCompile Include="DogEnginePlayground\Components\Frames2D.cpp" />
    <ClCompile Include="DogEngine\FileSystem\EngineSerializer.cpp" />
    <ClCompile Include="DogEngine\PugiXML\pugixml.cpp" />
    <ClCompile Include="DogEngine\Renderer\Renderer.cpp" />
    <ClCompile Include="DogEngine\Renderer\Shader.cpp" />
    <ClCompile Include="DogEngine\Thread\ThreadManager.cpp" />
    <ClCompile Include="DogEngine\Audio\AudioManager.cpp" />
    <ClCompile Include="DogEngine\Networking\NetworkManager.cpp" />
    <ClCompile Include="DogEnginePlayground\GameObjects\OpenGLTestGameObj.cpp" />
    <ClCompile Include="DogEngine\FileSystem\DirectoryHandler.cpp" />
    <ClCompile Include="DogEngine\ObjectManager\ObjectManager.cpp" />
    <ClCompile Include="DogEnginePlayground\Scenes\SDLGameScenes\Scene1.cpp" />
    <ClCompile Include="DogEngine\Input\Controller.cpp" />
    <ClCompile Include="DogEngine\Input\ComputerInput.cpp" />
    <ClCompile Include="DogEnginePlayground\Components\AnimationSet.cpp" />
    <ClCompile Include="DogEnginePlayground\Components\C_Animation.cpp" />
    <ClCompile Include="DogEnginePlayground\Components\C_Sprite.cpp" />
    <ClCompile Include="DogEnginePlayground\Components\C_CircleCollider.cpp" />
    <ClCompile Include="DogEnginePlayground\Components\C_RectangleCollider.cpp" />
    <ClCompile Include="DogEnginePlayground\Components\Prefab_Components\PlayerController.cpp" />
    <ClCompile Include="DogEnginePlayground\Components\C_2DTransform.cpp" />
    <ClCompile Include="DogEnginePlayground\GameObjects\Map\TileSet\TileSetManager.cpp" />
    <ClCompile Include="DogEnginePlayground\Scenes\SDLGameScenes\DebugScene.cpp" />
    <ClCompile Include="DogEnginePlayground\Components\C_AI.cpp" />
    <ClCompile Include="DogEnginePlayground\GameObjects\Spinningplanet.cpp" />
  </ItemGroup>
  <ItemGroup>
    <ClInclude Include="DogEnginePlayground\Components\Animator2D.h" />
    <ClInclude Include="DogEngine\Math\Converter.h" />
    <ClInclude Include="DogEnginePlayground\GameObjects\Skeleton.h" />
    <ClInclude Include="DogEngine\Math\Vec2.h" />
    <ClInclude Include="DogEngine\Physics\Collider.h" />
    <ClInclude Include="DogEngine\DogEngine.h" />
    <ClInclude Include="DogEnginePlayground\GameObjects\GameObject.h" />
    <ClInclude Include="DogEngine\EventSystem\Event.h" />
    <ClInclude Include="DogEnginePlayground\GameObjects\Map\Map.h" />
    <ClInclude Include="DogEnginePlayground\GameObjects\Rogue.h" />
    <ClInclude Include="DogEngine\SceneManager\Scene.h" />
    <ClInclude Include="DogEngine\SceneManager\SceneManager.h" />
    <ClInclude Include="DogEnginePlayground\Scenes\SDLGameScenes\Scene0.h" />
    <ClInclude Include="DogEngine\TextureManager\TextureManager.h" />
    <ClInclude Include="DogEnginePlayground\GameObjects\Map\TileSet\Tiles.h" />
    <ClInclude Include="DogEngine\Timer\Timer.h" />
    <ClInclude Include="DogEngine\Window\Window.h" />
    <ClInclude Include="Game\AI\DecisionTree\XML-DT\XML.h" />
    <ClInclude Include="DogEngine\Window\GUI.h" />
    <ClInclude Include="DogEngine\Window\DearGUI\imconfig.h" />
    <ClInclude Include="DogEngine\Window\DearGUI\imgui.h" />
    <ClInclude Include="DogEngine\Window\DearGUI\imgui_internal.h" />
    <ClInclude Include="DogEngine\Window\DearGUI\imgui_sdl.h" />
    <ClInclude Include="DogEngine\Window\DearGUI\imstb_rectpack.h" />
    <ClInclude Include="DogEngine\Window\DearGUI\imstb_textedit.h" />
    <ClInclude Include="DogEngine\Window\DearGUI\imstb_truetype.h" />
    <ClInclude Include="DesignPattern\Observer.h" />
    <ClInclude Include="DogEnginePlayground\Components\Frames2D.h" />
    <ClInclude Include="DogEnginePlayground\GameObjects\Object.h" />
    <ClInclude Include="DogEngine\FileSystem\EngineSerializer.h" />
    <ClInclude Include="DogEngine\PugiXML\pugiconfig.hpp" />
    <ClInclude Include="DogEngine\PugiXML\pugixml.hpp" />
    <ClInclude Include="DogEngine\Renderer\Renderer.h" />
    <ClInclude Include="DogEngine\EventSystem\EventManager.h" />
    <ClInclude Include="DogEngine\Thread\ThreadAble.h" />
    <ClInclude Include="DogEngine\Thread\ThreadManager.h" />
    <ClInclude Include="DogEngine\Thread\ThreadGuard.h" />
    <ClInclude Include="DogEngine\Audio\AudioManager.h" />
    <ClInclude Include="DogEngine\Networking\NetworkManager.h" />
    <ClInclude Include="DogEngine\Renderer\Shader.h" />
    <ClInclude Include="DogEnginePlayground\GameObjects\OpenGLTestGameObj.h" />
    <ClInclude Include="DogEngine\ResourceManager\ResourceAllocator.h" />
    <ClInclude Include="DogEngine\FileSystem\DirectoryHandler.h" />
    <ClInclude Include="resource.h" />
    <ClInclude Include="DogEngine\ObjectManager\ObjectManager.h" />
    <ClInclude Include="DogEngine\TextureManager\InfoStructs.h" />
    <ClInclude Include="DogEnginePlayground\Scenes\SDLGameScenes\Scene1.h" />
    <ClInclude Include="DogEngine\Input\Controller.h" />
    <ClInclude Include="DogEngine\Input\ComputerInput.h" />
    <ClInclude Include="DogEnginePlayground\Components\AnimationSet.h" />
    <ClInclude Include="DogEnginePlayground\Components\C_Animation.h" />
    <ClInclude Include="DogEnginePlayground\Components\C_Sprite.h" />
    <ClInclude Include="DogEnginePlayground\Components\C_CircleCollider.h" />
    <ClInclude Include="DogEnginePlayground\Components\C_RectangleCollider.h" />
    <ClInclude Include="DogEnginePlayground\Components\Component.h" />
    <ClInclude Include="DogEnginePlayground\Components\Prefab_Components\PlayerController.h" />
    <ClInclude Include="DogEngine\DogEngineDefinitions.h" />
    <ClInclude Include="DogEnginePlayground\Components\C_2DTransform.h" />
    <ClInclude Include="DogEnginePlayground\GameObjects\Map\TileSet\TileSetManager.h" />
    <ClInclude Include="DogEnginePlayground\Scenes\SDLGameScenes\DebugScene.h" />
    <ClInclude Include="DogEnginePlayground\Components\C_AI.h" />
    <ClInclude Include="DogEnginePlayground\GameObjects\Spinningplanet.h" />
  </ItemGroup>
  <ItemGroup>
    <None Include="Window\DearGUI\imgui.ini" />
    <None Include="DogEngine\Renderer\ShadersScripts\SquareV.glsl" />
    <None Include="DogEngine\Renderer\ShadersScripts\SquareF.glsl" />
    <None Include="DogEngine\Renderer\ShadersScripts\ParticleF.glsl" />
    <None Include="DogEngine\Renderer\ShadersScripts\ParticleV.glsl" />
  </ItemGroup>
  <ItemGroup>
    <Xml Include="DogEngine\EngineData\EngineData.xml" />
    <Xml Include="DogEngine\GameEngineSaveInfo\Scenes\SceneData.xml" />
    <Xml Include="DogEngine\GameEngineSaveInfo\EngineData\EngineSaveData.xml" />
  </ItemGroup>
  <ItemGroup>
    <Image Include="Assets\Level Sprites\Foreground\template8x6.png" />
    <Image Include="DogEngine\DogEngineIconAssets\DogEngineMascot.ico" />
  </ItemGroup>
  <ItemGroup>
    <ResourceCompile Include="DogEngine.rc" />
  </ItemGroup>
</Project>