<?xml version="1.0" encoding="utf-8"?>
<Project ToolsVersion="4.0" xmlns="http://schemas.microsoft.com/developer/msbuild/2003">
  <ItemGroup>
    <ClCompile Include="AnimationHandler\AnimationHandler.cpp" />
    <ClCompile Include="Animator\Animator.cpp" />
    <ClCompile Include="Math\Converter.cpp" />
    <ClCompile Include="GameObjects\Skeleton.cpp" />
    <ClCompile Include="DogEngine\AI\AI.cpp" />
    <ClCompile Include="Math\Vec2.cpp" />
    <ClCompile Include="DogEngine\AI\Grid.cpp" />
    <ClCompile Include="Physics\Collider.cpp" />
    <ClCompile Include="DogEngine\DogEngine.cpp" />
    <ClCompile Include="GameObjects\GameObject.cpp" />
    <ClCompile Include="DogEngine\Main.cpp" />
    <ClCompile Include="GameObjects\Map\Map.cpp" />
    <ClCompile Include="GameObjects\Rogue.cpp" />
    <ClCompile Include="EventSystem\Event.cpp" />
    <ClCompile Include="DogEngine\Scenes\SceneManager.cpp" />
    <ClCompile Include="DogEngine\Scenes\SDLGameScenes\Scene0.cpp" />
    <ClCompile Include="PriorityQueue\A_Star_Node_Priority.cpp" />
    <ClCompile Include="PriorityQueue\node.cpp" />
    <ClCompile Include="TextureManager\TextureManager.cpp" />
    <ClCompile Include="GameObjects\Map\TileSet\Tiles.cpp" />
    <ClCompile Include="Timer\Timer.cpp" />
    <ClCompile Include="Window\Window.cpp" />
    <ClCompile Include="Window\GUI.cpp" />
    <ClCompile Include="Window\DearGUI\imgui.cpp" />
    <ClCompile Include="Window\DearGUI\imgui_demo.cpp" />
    <ClCompile Include="Window\DearGUI\imgui_draw.cpp" />
    <ClCompile Include="Window\DearGUI\imgui_sdl.cpp" />
    <ClCompile Include="Window\DearGUI\imgui_widgets.cpp" />
    <ClCompile Include="DesignPattern\Observer.cpp" />
    <ClCompile Include="Animator\Animation.cpp" />
    <ClCompile Include="DogEngine\EngineSerializer.cpp" />
    <ClCompile Include="DogEngine\PugiXML\pugixml.cpp" />
    <ClCompile Include="Renderer\Renderer.cpp" />
    <ClCompile Include="Renderer\Shader.cpp" />
    <ClCompile Include="Thread\ThreadManager.cpp" />
    <ClCompile Include="Audio\AudioManager.cpp" />
    <ClCompile Include="Networking\NetworkManager.cpp" />
    <ClCompile Include="GameObjects\OpenGLTestGameObj.cpp" />
    <ClCompile Include="FileInput_OutPut\FileDirectoryHandler.cpp" />
    <ClCompile Include="DogEngine\ObjectManager.cpp" />
    <ClCompile Include="DogEngine\Scenes\SDLGameScenes\Scene1.cpp" />
    <ClCompile Include="Input\Controller.cpp" />
    <ClCompile Include="Input\ComputerInput.cpp" />
    <ClCompile Include="Components\AnimationSet.cpp" />
    <ClCompile Include="Components\C_Animation.cpp" />
    <ClCompile Include="Components\C_Sprite.cpp" />
    <ClCompile Include="Components\C_CircleCollider.cpp" />
    <ClCompile Include="Components\C_RectangleCollider.cpp" />
    <ClCompile Include="Components\Prefab_Components\PlayerController.cpp" />
    <ClCompile Include="Components\C_2DTransform.cpp" />
    <ClCompile Include="GameObjects\Map\TileSet\TileSetManager.cpp" />
    <ClCompile Include="DogEngine\Scenes\SDLGameScenes\Scene2.cpp" />
    <ClCompile Include="DogEngine\Scenes\SDLGameScenes\DebugScene.cpp" />
  </ItemGroup>
  <ItemGroup>
    <ClInclude Include="AnimationHandler\AnimationHandler.h" />
    <ClInclude Include="Animator\Animator.h" />
    <ClInclude Include="Math\Converter.h" />
    <ClInclude Include="DogEngine\AI\AI.h" />
    <ClInclude Include="GameObjects\Skeleton.h" />
    <ClInclude Include="Math\Vec2.h" />
    <ClInclude Include="DogEngine\AI\Grid.h" />
    <ClInclude Include="Physics\Collider.h" />
    <ClInclude Include="DogEngine\DogEngine.h" />
    <ClInclude Include="GameObjects\GameObject.h" />
    <ClInclude Include="EventSystem\Event.h" />
    <ClInclude Include="GameObjects\Map\Map.h" />
    <ClInclude Include="GameObjects\Rogue.h" />
    <ClInclude Include="DogEngine\Scenes\Scene.h" />
    <ClInclude Include="DogEngine\Scenes\SceneManager.h" />
    <ClInclude Include="DogEngine\Scenes\SDLGameScenes\Scene0.h" />
    <ClInclude Include="PriorityQueue\A_Star_Node_Priority.h" />
    <ClInclude Include="PriorityQueue\node.h" />
    <ClInclude Include="TextureManager\TextureManager.h" />
    <ClInclude Include="GameObjects\Map\TileSet\Tiles.h" />
    <ClInclude Include="Timer\Timer.h" />
    <ClInclude Include="Window\Window.h" />
    <ClInclude Include="Game\AI\DecisionTree\XML-DT\XML.h" />
    <ClInclude Include="Window\GUI.h" />
    <ClInclude Include="Window\DearGUI\imconfig.h" />
    <ClInclude Include="Window\DearGUI\imgui.h" />
    <ClInclude Include="Window\DearGUI\imgui_internal.h" />
    <ClInclude Include="Window\DearGUI\imgui_sdl.h" />
    <ClInclude Include="Window\DearGUI\imstb_rectpack.h" />
    <ClInclude Include="Window\DearGUI\imstb_textedit.h" />
    <ClInclude Include="Window\DearGUI\imstb_truetype.h" />
    <ClInclude Include="DesignPattern\Observer.h" />
    <ClInclude Include="Animator\Animation.h" />
    <ClInclude Include="GameObjects\Object.h" />
    <ClInclude Include="DogEngine\EngineSerializer.h" />
    <ClInclude Include="DogEngine\PugiXML\pugiconfig.hpp" />
    <ClInclude Include="DogEngine\PugiXML\pugixml.hpp" />
    <ClInclude Include="Renderer\Renderer.h" />
    <ClInclude Include="EventSystem\EventManager.h" />
    <ClInclude Include="Thread\ThreadAble.h" />
    <ClInclude Include="Thread\ThreadManager.h" />
    <ClInclude Include="Thread\ThreadGuard.h" />
    <ClInclude Include="Audio\AudioManager.h" />
    <ClInclude Include="Networking\NetworkManager.h" />
    <ClInclude Include="Renderer\Shader.h" />
    <ClInclude Include="GameObjects\OpenGLTestGameObj.h" />
    <ClInclude Include="DogEngine\ResourceAllocator.h" />
    <ClInclude Include="FileInput_OutPut\FileDirectoryHandler.h" />
    <ClInclude Include="resource.h" />
    <ClInclude Include="DogEngine\ObjectManager.h" />
    <ClInclude Include="TextureManager\InfoStructs.h" />
    <ClInclude Include="DogEngine\Scenes\SDLGameScenes\Scene1.h" />
    <ClInclude Include="Input\Controller.h" />
    <ClInclude Include="Input\ComputerInput.h" />
    <ClInclude Include="Components\AnimationSet.h" />
    <ClInclude Include="Components\C_Animation.h" />
    <ClInclude Include="Components\C_Sprite.h" />
    <ClInclude Include="Components\C_CircleCollider.h" />
    <ClInclude Include="Components\C_RectangleCollider.h" />
    <ClInclude Include="Components\Component.h" />
    <ClInclude Include="Components\Prefab_Components\PlayerController.h" />
    <ClInclude Include="DogEngine\DogEngineDefinitions.h" />
    <ClInclude Include="Components\C_2DTransform.h" />
    <ClInclude Include="GameObjects\Map\TileSet\TileSetManager.h" />
    <ClInclude Include="DogEngine\Scenes\SDLGameScenes\Scene2.h" />
    <ClInclude Include="DogEngine\Scenes\SDLGameScenes\DebugScene.h" />
  </ItemGroup>
  <ItemGroup>
    <None Include="Window\DearGUI\imgui.ini" />
    <None Include="Renderer\ShadersScripts\SquareV.glsl" />
    <None Include="Renderer\ShadersScripts\SquareF.glsl" />
    <None Include="Renderer\ShadersScripts\ParticleF.glsl" />
    <None Include="Renderer\ShadersScripts\ParticleV.glsl" />
  </ItemGroup>
  <ItemGroup>
    <Xml Include="EngineData\EngineData.xml" />
    <Xml Include="GameEngineSaveInfo\GameObjects\GameObjectData.xml" />
    <Xml Include="GameEngineSaveInfo\Scenes\SceneData.xml" />
    <Xml Include="GameEngineSaveInfo\EngineData\EngineSaveData.xml" />
  </ItemGroup>
  <ItemGroup>
    <Image Include="Assets\Level Sprites\Foreground\template8x6.png" />
    <Image Include="DogEngine\DogEngineIconAssets\DogEngineMascot.ico" />
  </ItemGroup>
  <ItemGroup>
    <ResourceCompile Include="DogEngine.rc" />
  </ItemGroup>
</Project>