
Microsoft Visual Studio Solution File, Format Version 12.00
# Visual Studio Version 16
VisualStudioVersion = 16.0.30225.117
MinimumVisualStudioVersion = 10.0.40219.1
Project("{8BC9CEB8-8B4A-11D0-8D11-00A0C91BC942}") = "SDL2D_Project", "SDL2D_Project\SDL2D_Project.vcxproj", "{6C83F71B-9265-4CE4-88B6-E8E1F6179577}"
EndProject
Global
	GlobalSection(SolutionConfigurationPlatforms) = preSolution
		Debug|x64 = Debug|x64
		Debug|x86 = Debug|x86
		Release|x64 = Release|x64
		Release|x86 = Release|x86
	EndGlobalSection
	GlobalSection(ProjectConfigurationPlatforms) = postSolution
		{6C83F71B-9265-4CE4-88B6-E8E1F6179577}.Debug|x64.ActiveCfg = Debug|x64
		{6C83F71B-9265-4CE4-88B6-E8E1F6179577}.Debug|x64.Build.0 = Debug|x64
		{6C83F71B-9265-4CE4-88B6-E8E1F6179577}.Debug|x86.ActiveCfg = Debug|Win32
		{6C83F71B-9265-4CE4-88B6-E8E1F6179577}.Debug|x86.Build.0 = Debug|Win32
		{6C83F71B-9265-4CE4-88B6-E8E1F6179577}.Release|x64.ActiveCfg = Release|x64
		{6C83F71B-9265-4CE4-88B6-E8E1F6179577}.Release|x64.Build.0 = Release|x64
		{6C83F71B-9265-4CE4-88B6-E8E1F6179577}.Release|x86.ActiveCfg = Release|Win32
		{6C83F71B-9265-4CE4-88B6-E8E1F6179577}.Release|x86.Build.0 = Release|Win32
	EndGlobalSection
	GlobalSection(SolutionProperties) = preSolution
		HideSolutionNode = FALSE
	EndGlobalSection
	GlobalSection(ExtensibilityGlobals) = postSolution
		SolutionGuid = {792B84CF-AB25-42B0-956A-B02918671455}
	EndGlobalSection
EndGlobal
